// !$*UTF8*$!
{
	archiveVersion = 1;
	classes = {
	};
	objectVersion = 46;
	objects = {

/* Begin PBXFileReference section */
		1F5652B817F8FF8300321FB6 /* README */ = {isa = PBXFileReference; fileEncoding = 4; lastKnownFileType = text; name = README; path = ../README; sourceTree = "<group>"; };
		1F6F97C817F78E01006E50A4 /* builtins.cpp */ = {isa = PBXFileReference; fileEncoding = 4; lastKnownFileType = sourcecode.cpp.cpp; path = builtins.cpp; sourceTree = "<group>"; };
		1F6F97C917F78E01006E50A4 /* builtins.h */ = {isa = PBXFileReference; fileEncoding = 4; lastKnownFileType = sourcecode.c.h; path = builtins.h; sourceTree = "<group>"; };
		1F6F97CA17F78E01006E50A4 /* makefile */ = {isa = PBXFileReference; fileEncoding = 4; lastKnownFileType = sourcecode.make; path = makefile; sourceTree = "<group>"; };
		1F6F97CB17F78E01006E50A4 /* MyShell */ = {isa = PBXFileReference; lastKnownFileType = "compiled.mach-o.executable"; path = MyShell; sourceTree = "<group>"; };
		1F6F97CC17F78E01006E50A4 /* shell.cpp */ = {isa = PBXFileReference; fileEncoding = 4; lastKnownFileType = sourcecode.cpp.cpp; path = shell.cpp; sourceTree = "<group>"; };
/* End PBXFileReference section */

/* Begin PBXGroup section */
		1F6F97BC17F78D9C006E50A4 = {
			isa = PBXGroup;
			children = (
				1F6F97C717F78E01006E50A4 /* src */,
			);
			sourceTree = "<group>";
		};
		1F6F97C717F78E01006E50A4 /* src */ = {
			isa = PBXGroup;
			children = (
				1F6F97C817F78E01006E50A4 /* builtins.cpp */,
				1F6F97C917F78E01006E50A4 /* builtins.h */,
				1F5652B817F8FF8300321FB6 /* README */,
				1F6F97CA17F78E01006E50A4 /* makefile */,
				1F6F97CB17F78E01006E50A4 /* MyShell */,
				1F6F97CC17F78E01006E50A4 /* shell.cpp */,
			);
			name = src;
			path = ../src;
			sourceTree = "<group>";
		};
/* End PBXGroup section */

/* Begin PBXLegacyTarget section */
		1F5260021805342200D4BCED /* DEBUG-OS-Project2-Shell */ = {
			isa = PBXLegacyTarget;
			buildArgumentsString = "$(ACTION) debug";
			buildConfigurationList = 1F5260031805342300D4BCED /* Build configuration list for PBXLegacyTarget "DEBUG-OS-Project2-Shell" */;
			buildPhases = (
			);
			buildToolPath = /usr/bin/make;
			buildWorkingDirectory = /Users/zenel/Dropbox/School/CSCI442/Repositories/project2/src;
			dependencies = (
			);
			name = "DEBUG-OS-Project2-Shell";
			passBuildSettingsInEnvironment = 1;
			productName = "DEBUG-OS-Project2-Shell";
		};
		1F6F97C117F78D9C006E50A4 /* RELEASE-OS-Project2-Shell */ = {
			isa = PBXLegacyTarget;
			buildArgumentsString = "$(ACTION)";
			buildConfigurationList = 1F6F97C417F78D9C006E50A4 /* Build configuration list for PBXLegacyTarget "RELEASE-OS-Project2-Shell" */;
			buildPhases = (
			);
			buildToolPath = /usr/bin/make;
			buildWorkingDirectory = /Users/zenel/Dropbox/School/CSCI442/Repositories/project2/src;
			dependencies = (
			);
			name = "RELEASE-OS-Project2-Shell";
			passBuildSettingsInEnvironment = 1;
			productName = "OS-Project2-Shell";
		};
/* End PBXLegacyTarget section */

/* Begin PBXProject section */
		1F6F97BD17F78D9C006E50A4 /* Project object */ = {
			isa = PBXProject;
			attributes = {
				LastUpgradeCheck = 0500;
				ORGANIZATIONNAME = Hlang;
			};
			buildConfigurationList = 1F6F97C017F78D9C006E50A4 /* Build configuration list for PBXProject "OS-Project2-Shell" */;
			compatibilityVersion = "Xcode 3.2";
			developmentRegion = English;
			hasScannedForEncodings = 0;
			knownRegions = (
				en,
			);
			mainGroup = 1F6F97BC17F78D9C006E50A4;
			projectDirPath = "";
			projectRoot = "";
			targets = (
				1F6F97C117F78D9C006E50A4 /* RELEASE-OS-Project2-Shell */,
				1F5260021805342200D4BCED /* DEBUG-OS-Project2-Shell */,
			);
		};
/* End PBXProject section */

/* Begin XCBuildConfiguration section */
		1F5260041805342300D4BCED /* Debug */ = {
			isa = XCBuildConfiguration;
			buildSettings = {
				DEBUGGING_SYMBOLS = YES;
				GCC_GENERATE_DEBUGGING_SYMBOLS = YES;
				GCC_OPTIMIZATION_LEVEL = 0;
				GCC_PREPROCESSOR_DEFINITIONS = "";
				MACOSX_DEPLOYMENT_TARGET = 10.8;
				OTHER_CFLAGS = "-DDEBUG=1";
				OTHER_LDFLAGS = "";
				PRODUCT_NAME = "$(TARGET_NAME)";
			};
			name = Debug;
		};
		1F5260051805342300D4BCED /* Release */ = {
			isa = XCBuildConfiguration;
			buildSettings = {
				MACOSX_DEPLOYMENT_TARGET = 10.8;
				OTHER_CFLAGS = "-DDEBUG=1";
				OTHER_LDFLAGS = "";
				PRODUCT_NAME = "$(TARGET_NAME)";
			};
			name = Release;
		};
		1F6F97C217F78D9C006E50A4 /* Debug */ = {
			isa = XCBuildConfiguration;
			buildSettings = {
				ALWAYS_SEARCH_USER_PATHS = NO;
				CLANG_CXX_LANGUAGE_STANDARD = "gnu++0x";
				CLANG_CXX_LIBRARY = "libc++";
				CLANG_ENABLE_OBJC_ARC = YES;
				CLANG_WARN_BOOL_CONVERSION = YES;
				CLANG_WARN_CONSTANT_CONVERSION = YES;
				CLANG_WARN_DIRECT_OBJC_ISA_USAGE = YES_ERROR;
				CLANG_WARN_EMPTY_BODY = YES;
				CLANG_WARN_ENUM_CONVERSION = YES;
				CLANG_WARN_INT_CONVERSION = YES;
				CLANG_WARN_OBJC_ROOT_CLASS = YES_ERROR;
				CLANG_WARN__DUPLICATE_METHOD_MATCH = YES;
				COPY_PHASE_STRIP = NO;
				GCC_C_LANGUAGE_STANDARD = gnu99;
				GCC_DYNAMIC_NO_PIC = NO;
				GCC_ENABLE_OBJC_EXCEPTIONS = YES;
				GCC_OPTIMIZATION_LEVEL = 0;
				GCC_PREPROCESSOR_DEFINITIONS = (
					"DEBUG=1",
					"$(inherited)",
				);
				GCC_SYMBOLS_PRIVATE_EXTERN = NO;
				GCC_WARN_64_TO_32_BIT_CONVERSION = YES;
				GCC_WARN_ABOUT_RETURN_TYPE = YES_ERROR;
				GCC_WARN_UNDECLARED_SELECTOR = YES;
				GCC_WARN_UNINITIALIZED_AUTOS = YES;
				GCC_WARN_UNUSED_FUNCTION = YES;
				GCC_WARN_UNUSED_VARIABLE = YES;
				MACOSX_DEPLOYMENT_TARGET = 10.8;
				ONLY_ACTIVE_ARCH = YES;
				SDKROOT = macosx;
			};
			name = Debug;
		};
		1F6F97C317F78D9C006E50A4 /* Release */ = {
			isa = XCBuildConfiguration;
			buildSettings = {
				ALWAYS_SEARCH_USER_PATHS = NO;
				CLANG_CXX_LANGUAGE_STANDARD = "gnu++0x";
				CLANG_CXX_LIBRARY = "libc++";
				CLANG_ENABLE_OBJC_ARC = YES;
				CLANG_WARN_BOOL_CONVERSION = YES;
				CLANG_WARN_CONSTANT_CONVERSION = YES;
				CLANG_WARN_DIRECT_OBJC_ISA_USAGE = YES_ERROR;
				CLANG_WARN_EMPTY_BODY = YES;
				CLANG_WARN_ENUM_CONVERSION = YES;
				CLANG_WARN_INT_CONVERSION = YES;
				CLANG_WARN_OBJC_ROOT_CLASS = YES_ERROR;
				CLANG_WARN__DUPLICATE_METHOD_MATCH = YES;
				COPY_PHASE_STRIP = YES;
				DEBUG_INFORMATION_FORMAT = "dwarf-with-dsym";
				ENABLE_NS_ASSERTIONS = NO;
				GCC_C_LANGUAGE_STANDARD = gnu99;
				GCC_ENABLE_OBJC_EXCEPTIONS = YES;
				GCC_WARN_64_TO_32_BIT_CONVERSION = YES;
				GCC_WARN_ABOUT_RETURN_TYPE = YES_ERROR;
				GCC_WARN_UNDECLARED_SELECTOR = YES;
				GCC_WARN_UNINITIALIZED_AUTOS = YES;
				GCC_WARN_UNUSED_FUNCTION = YES;
				GCC_WARN_UNUSED_VARIABLE = YES;
				MACOSX_DEPLOYMENT_TARGET = 10.8;
				SDKROOT = macosx;
			};
			name = Release;
		};
		1F6F97C517F78D9C006E50A4 /* Debug */ = {
			isa = XCBuildConfiguration;
			buildSettings = {
				DEBUGGING_SYMBOLS = YES;
				GCC_GENERATE_DEBUGGING_SYMBOLS = YES;
				GCC_OPTIMIZATION_LEVEL = 0;
				GCC_PREPROCESSOR_DEFINITIONS = "";
				OTHER_CFLAGS = "";
				OTHER_LDFLAGS = "";
				PRODUCT_NAME = "$(TARGET_NAME)";
			};
			name = Debug;
		};
		1F6F97C617F78D9C006E50A4 /* Release */ = {
			isa = XCBuildConfiguration;
			buildSettings = {
				OTHER_CFLAGS = "";
				OTHER_LDFLAGS = "";
				PRODUCT_NAME = "$(TARGET_NAME)";
			};
			name = Release;
		};
/* End XCBuildConfiguration section */

/* Begin XCConfigurationList section */
		1F5260031805342300D4BCED /* Build configuration list for PBXLegacyTarget "DEBUG-OS-Project2-Shell" */ = {
			isa = XCConfigurationList;
			buildConfigurations = (
				1F5260041805342300D4BCED /* Debug */,
				1F5260051805342300D4BCED /* Release */,
			);
			defaultConfigurationIsVisible = 0;
		};
		1F6F97C017F78D9C006E50A4 /* Build configuration list for PBXProject "OS-Project2-Shell" */ = {
			isa = XCConfigurationList;
			buildConfigurations = (
				1F6F97C217F78D9C006E50A4 /* Debug */,
				1F6F97C317F78D9C006E50A4 /* Release */,
			);
			defaultConfigurationIsVisible = 0;
			defaultConfigurationName = Debug;
		};
		1F6F97C417F78D9C006E50A4 /* Build configuration list for PBXLegacyTarget "RELEASE-OS-Project2-Shell" */ = {
			isa = XCConfigurationList;
			buildConfigurations = (
				1F6F97C517F78D9C006E50A4 /* Debug */,
				1F6F97C617F78D9C006E50A4 /* Release */,
			);
			defaultConfigurationIsVisible = 0;
			defaultConfigurationName = Debug;
		};
/* End XCConfigurationList section */
	};
	rootObject = 1F6F97BD17F78D9C006E50A4 /* Project object */;
}
